PODS:
  - Flutter (1.0.0)
  - path_provider (0.0.1):
    - Flutter
  - SwiftyTesseract (2.2.0)
  - tesseract_ocr (0.2.0):
    - Flutter
    - SwiftyTesseract

DEPENDENCIES:
  - Flutter (from `.symlinks/flutter/ios`)
  - path_provider (from `.symlinks/plugins/path_provider/ios`)
  - tesseract_ocr (from `.symlinks/plugins/tesseract_ocr/ios`)

SPEC REPOS:
  trunk:
    - SwiftyTesseract

EXTERNAL SOURCES:
  Flutter:
    :path: ".symlinks/flutter/ios"
  path_provider:
    :path: ".symlinks/plugins/path_provider/ios"
  tesseract_ocr:
    :path: ".symlinks/plugins/tesseract_ocr/ios"

SPEC CHECKSUMS:
  Flutter: 0e3d915762c693b495b44d77113d4970485de6ec
  path_provider: f96fff6166a8867510d2c25fdcc346327cc4b259
  SwiftyTesseract: 44a8f4b2b7e5f22b997919f935261d22d28a4917
  tesseract_ocr: 96aa7c13354b7b3c3dc9c7e885a03c58286f917b

PODFILE CHECKSUM: 9bb2db245f0c00badbefa33c8845772b1afd2ec4

COCOAPODS: 1.8.3
